
Microsoft Visual Studio Solution File, Format Version 12.00
# Visual Studio 14
VisualStudioVersion = 14.0.25420.1
MinimumVisualStudioVersion = 10.0.40219.1
Project("{2150E333-8FDC-42A3-9474-1A3956D46DE8}") = "src", "src", "{31E72817-F81C-490A-A225-157B818C7010}"
EndProject
Project("{2150E333-8FDC-42A3-9474-1A3956D46DE8}") = "Solution Items", "Solution Items", "{39D8DEF1-3C5A-4CBD-B0F7-B7D0B988D3D7}"
	ProjectSection(SolutionItems) = preProject
		global.json = global.json
	EndProjectSection
EndProject
Project("{8BB2217D-0F2D-49D1-97BC-3654ED321F3B}") = "HealthNautica.Physician", "src\HealthNautica\HealthNautica.Physician.xproj", "{8EBE0D81-3D1C-4D39-A5BF-25E2ADA8D98F}"
EndProject
Project("{FAE04EC0-301F-11D3-BF4B-00C04F79EFBC}") = "HealthNautica.DataAccess", "HealthNautica.DataAccess\HealthNautica.DataAccess.csproj", "{52324AB8-1F8B-41BE-B51A-1443FE0FC9A5}"
EndProject
Project("{8BB2217D-0F2D-49D1-97BC-3654ED321F3B}") = "HealthNautica.Physician.DataAccess", "HealthNautica.Physician.DataAccess\HealthNautica.Physician.DataAccess.xproj", "{D5C094AB-DF6D-403E-BB03-C63293F14C09}"
EndProject
Global
	GlobalSection(SolutionConfigurationPlatforms) = preSolution
		Debug|Any CPU = Debug|Any CPU
		Release|Any CPU = Release|Any CPU
	EndGlobalSection
	GlobalSection(ProjectConfigurationPlatforms) = postSolution
		{8EBE0D81-3D1C-4D39-A5BF-25E2ADA8D98F}.Debug|Any CPU.ActiveCfg = Debug|Any CPU
		{8EBE0D81-3D1C-4D39-A5BF-25E2ADA8D98F}.Debug|Any CPU.Build.0 = Debug|Any CPU
		{8EBE0D81-3D1C-4D39-A5BF-25E2ADA8D98F}.Release|Any CPU.ActiveCfg = Release|Any CPU
		{8EBE0D81-3D1C-4D39-A5BF-25E2ADA8D98F}.Release|Any CPU.Build.0 = Release|Any CPU
		{52324AB8-1F8B-41BE-B51A-1443FE0FC9A5}.Debug|Any CPU.ActiveCfg = Debug|Any CPU
		{52324AB8-1F8B-41BE-B51A-1443FE0FC9A5}.Debug|Any CPU.Build.0 = Debug|Any CPU
		{52324AB8-1F8B-41BE-B51A-1443FE0FC9A5}.Release|Any CPU.ActiveCfg = Release|Any CPU
		{52324AB8-1F8B-41BE-B51A-1443FE0FC9A5}.Release|Any CPU.Build.0 = Release|Any CPU
		{D5C094AB-DF6D-403E-BB03-C63293F14C09}.Debug|Any CPU.ActiveCfg = Debug|Any CPU
		{D5C094AB-DF6D-403E-BB03-C63293F14C09}.Debug|Any CPU.Build.0 = Debug|Any CPU
		{D5C094AB-DF6D-403E-BB03-C63293F14C09}.Release|Any CPU.ActiveCfg = Release|Any CPU
		{D5C094AB-DF6D-403E-BB03-C63293F14C09}.Release|Any CPU.Build.0 = Release|Any CPU
	EndGlobalSection
	GlobalSection(SolutionProperties) = preSolution
		HideSolutionNode = FALSE
	EndGlobalSection
	GlobalSection(NestedProjects) = preSolution
		{8EBE0D81-3D1C-4D39-A5BF-25E2ADA8D98F} = {31E72817-F81C-490A-A225-157B818C7010}
		{52324AB8-1F8B-41BE-B51A-1443FE0FC9A5} = {31E72817-F81C-490A-A225-157B818C7010}
		{D5C094AB-DF6D-403E-BB03-C63293F14C09} = {31E72817-F81C-490A-A225-157B818C7010}
	EndGlobalSection
EndGlobal
